
Microsoft Visual Studio Solution File, Format Version 12.00
# Visual Studio Version 16
VisualStudioVersion = 16.0.31729.503
MinimumVisualStudioVersion = 10.0.40219.1
Project("{FAE04EC0-301F-11D3-BF4B-00C04F79EFBC}") = "BSXScript_Tool", "BSXScript_Tool.csproj", "{893D29ED-C0C7-454B-91BB-63E6DCF50FF4}"
EndProject
Global
	GlobalSection(SolutionConfigurationPlatforms) = preSolution
		Debug|Any CPU = Debug|Any CPU
		Release|Any CPU = Release|Any CPU
	EndGlobalSection
	GlobalSection(ProjectConfigurationPlatforms) = postSolution
		{893D29ED-C0C7-454B-91BB-63E6DCF50FF4}.Debug|Any CPU.ActiveCfg = Debug|Any CPU
		{893D29ED-C0C7-454B-91BB-63E6DCF50FF4}.Debug|Any CPU.Build.0 = Debug|Any CPU
		{893D29ED-C0C7-454B-91BB-63E6DCF50FF4}.Release|Any CPU.ActiveCfg = Release|Any CPU
		{893D29ED-C0C7-454B-91BB-63E6DCF50FF4}.Release|Any CPU.Build.0 = Release|Any CPU
	EndGlobalSection
	GlobalSection(SolutionProperties) = preSolution
		HideSolutionNode = FALSE
	EndGlobalSection
	GlobalSection(ExtensibilityGlobals) = postSolution
		SolutionGuid = {2171A0DA-3187-4409-827C-49B306C29344}
	EndGlobalSection
EndGlobal
